
Microsoft Visual Studio Solution File, Format Version 12.00
# Visual Studio Version 17
VisualStudioVersion = 17.14.37301.10 d17.14
MinimumVisualStudioVersion = 10.0.40219.1
Project("{FAE04EC0-301F-11D3-BF4B-00C04F79EFBC}") = "BobsMomDotCom", "BobsMomDotCom.csproj", "{A90929A7-63C8-4BFB-86BD-E2AC0100EACC}"
EndProject
Global
	GlobalSection(SolutionConfigurationPlatforms) = preSolution
		Debug|Any CPU = Debug|Any CPU
		Release|Any CPU = Release|Any CPU
	EndGlobalSection
	GlobalSection(ProjectConfigurationPlatforms) = postSolution
		{A90929A7-63C8-4BFB-86BD-E2AC0100EACC}.Debug|Any CPU.ActiveCfg = Debug|Any CPU
		{A90929A7-63C8-4BFB-86BD-E2AC0100EACC}.Debug|Any CPU.Build.0 = Debug|Any CPU
		{A90929A7-63C8-4BFB-86BD-E2AC0100EACC}.Release|Any CPU.ActiveCfg = Release|Any CPU
		{A90929A7-63C8-4BFB-86BD-E2AC0100EACC}.Release|Any CPU.Build.0 = Release|Any CPU
	EndGlobalSection
	GlobalSection(SolutionProperties) = preSolution
		HideSolutionNode = FALSE
	EndGlobalSection
	GlobalSection(ExtensibilityGlobals) = postSolution
		SolutionGuid = {99DB5AB3-86B6-44A7-B00E-3E088F2824B7}
	EndGlobalSection
EndGlobal
